<?xml version="1.0" encoding="utf-8"?>
<Project ToolsVersion="4.0" xmlns="http://schemas.microsoft.com/developer/msbuild/2003">
  <ItemGroup>
    <Filter Include="progress">
      <UniqueIdentifier>{3A34642A-2601-BF35-4F1A-ADDD3B46F4C3}</UniqueIdentifier>
    </Filter>
  </ItemGroup>
  <ItemGroup>
    <ClInclude Include="src\SpriteRenderer.h" />
    <ClInclude Include="src\ballObject.h" />
    <ClInclude Include="src\gameLevel.h" />
    <ClInclude Include="src\gameObject.h" />
    <ClInclude Include="src\progress\game.h">
      <Filter>progress</Filter>
    </ClInclude>
    <ClInclude Include="src\resource_manager.h" />
    <ClInclude Include="src\shader.h" />
    <ClInclude Include="src\texture.h" />
    <ClInclude Include="vendor\stb_image\stb_image.h" />
    <ClInclude Include="src\particleGenerator.h" />
  </ItemGroup>
  <ItemGroup>
    <ClCompile Include="src\SpriteRenderer.cpp" />
    <ClCompile Include="src\ballObject.cpp" />
    <ClCompile Include="src\gameLevel.cpp" />
    <ClCompile Include="src\gameObject.cpp" />
    <ClCompile Include="src\progress\game.cpp">
      <Filter>progress</Filter>
    </ClCompile>
    <ClCompile Include="src\progress\program.cpp">
      <Filter>progress</Filter>
    </ClCompile>
    <ClCompile Include="src\resource_manager.cpp" />
    <ClCompile Include="src\shader.cpp" />
    <ClCompile Include="src\texture.cpp" />
    <ClCompile Include="vendor\stb_image\stb_image.cpp" />
    <ClCompile Include="src\particleGenerator.cpp" />
  </ItemGroup>
</Project>